
Microsoft Visual Studio Solution File, Format Version 12.00
# Visual Studio Version 16
VisualStudioVersion = 16.0.28803.156
MinimumVisualStudioVersion = 10.0.40219.1
Project("{9A19103F-16F7-4668-BE54-9A1E7A4F7556}") = "TCGUABot", "TCGUABot\TCGUABot.csproj", "{3CF3A44E-5C05-4DF6-A485-551DA8D005A7}"
EndProject
Global
	GlobalSection(SolutionConfigurationPlatforms) = preSolution
		Debug|Any CPU = Debug|Any CPU
		Release|Any CPU = Release|Any CPU
	EndGlobalSection
	GlobalSection(ProjectConfigurationPlatforms) = postSolution
		{3CF3A44E-5C05-4DF6-A485-551DA8D005A7}.Debug|Any CPU.ActiveCfg = Debug|Any CPU
		{3CF3A44E-5C05-4DF6-A485-551DA8D005A7}.Debug|Any CPU.Build.0 = Debug|Any CPU
		{3CF3A44E-5C05-4DF6-A485-551DA8D005A7}.Release|Any CPU.ActiveCfg = Release|Any CPU
		{3CF3A44E-5C05-4DF6-A485-551DA8D005A7}.Release|Any CPU.Build.0 = Release|Any CPU
	EndGlobalSection
	GlobalSection(SolutionProperties) = preSolution
		HideSolutionNode = FALSE
	EndGlobalSection
	GlobalSection(ExtensibilityGlobals) = postSolution
		SolutionGuid = {81B8F66C-81AA-4B79-8541-82C02B7EB105}
	EndGlobalSection
EndGlobal
